{
  "name": "hervestDay",
  "lockfileVersion": 2,
  "requires": true,
  "packages": {
    "": {
      "dependencies": {
        "@vueuse/core": "^9.9.0"
      }
    },
    "node_modules/@types/web-bluetooth": {
      "version": "0.0.16",
      "resolved": "https://registry.npmjs.org/@types/web-bluetooth/-/web-bluetooth-0.0.16.tgz",
      "integrity": "sha512-oh8q2Zc32S6gd/j50GowEjKLoOVOwHP/bWVjKJInBwQqdOYMdPrf1oVlelTlyfFK3CKxL1uahMDAr+vy8T7yMQ=="
    },
    "node_modules/@vueuse/core": {
      "version": "9.9.0",
      "resolved": "https://registry.npmjs.org/@vueuse/core/-/core-9.9.0.tgz",
      "integrity": "sha512-JdDb7TrE0imZnwBhMF4+0PCJqGD3AxzH8S2sfk54P0rqvklK+EAtAR/mPb1HwV/JPujQFQJhghQ190Yq03YpVw==",
      "dependencies": {
        "@types/web-bluetooth": "^0.0.16",
        "@vueuse/metadata": "9.9.0",
        "@vueuse/shared": "9.9.0",
        "vue-demi": "*"
      },
      "funding": {
        "url": "https://github.com/sponsors/antfu"
      }
    },
    "node_modules/@vueuse/metadata": {
      "version": "9.9.0",
      "resolved": "https://registry.npmjs.org/@vueuse/metadata/-/metadata-9.9.0.tgz",
      "integrity": "sha512-pgxsUJv/d7IjKpLeB6TthggEsaBwM3ffc5jPrr5TmxAm/fup0mGR5VTzrdA/PSx85tpb+CIvP92D+55qBNc8ag==",
      "funding": {
        "url": "https://github.com/sponsors/antfu"
      }
    },
    "node_modules/@vueuse/shared": {
      "version": "9.9.0",
      "resolved": "https://registry.npmjs.org/@vueuse/shared/-/shared-9.9.0.tgz",
      "integrity": "sha512-+D0XFwHG0T+uaIbCSlROBwm1wzs71B7n3KyDOxnvfEMMHDOzl09rYKwaE2AENmYwYPXfHPbSBRDD2gBVHbvTcg==",
      "dependencies": {
        "vue-demi": "*"
      },
      "funding": {
        "url": "https://github.com/sponsors/antfu"
      }
    },
    "node_modules/vue": {
      "version": "2.6.14",
      "resolved": "https://registry.npmjs.org/vue/-/vue-2.6.14.tgz",
      "integrity": "sha512-x2284lgYvjOMj3Za7kqzRcUSxBboHqtgRE2zlos1qWaOye5yUmHn42LB1250NJBLRwEcdrB0JRwyPTEPhfQjiQ==",
      "peer": true
    },
    "node_modules/vue-demi": {
      "version": "0.13.11",
      "resolved": "https://registry.npmjs.org/vue-demi/-/vue-demi-0.13.11.tgz",
      "integrity": "sha512-IR8HoEEGM65YY3ZJYAjMlKygDQn25D5ajNFNoKh9RSDMQtlzCxtfQjdQgv9jjK+m3377SsJXY8ysq8kLCZL25A==",
      "hasInstallScript": true,
      "bin": {
        "vue-demi-fix": "bin/vue-demi-fix.js",
        "vue-demi-switch": "bin/vue-demi-switch.js"
      },
      "engines": {
        "node": ">=12"
      },
      "funding": {
        "url": "https://github.com/sponsors/antfu"
      },
      "peerDependencies": {
        "@vue/composition-api": "^1.0.0-rc.1",
        "vue": "^3.0.0-0 || ^2.6.0"
      },
      "peerDependenciesMeta": {
        "@vue/composition-api": {
          "optional": true
        }
      }
    }
  },
  "dependencies": {
    "@types/web-bluetooth": {
      "version": "0.0.16",
      "resolved": "https://registry.npmjs.org/@types/web-bluetooth/-/web-bluetooth-0.0.16.tgz",
      "integrity": "sha512-oh8q2Zc32S6gd/j50GowEjKLoOVOwHP/bWVjKJInBwQqdOYMdPrf1oVlelTlyfFK3CKxL1uahMDAr+vy8T7yMQ=="
    },
    "@vueuse/core": {
      "version": "9.9.0",
      "resolved": "https://registry.npmjs.org/@vueuse/core/-/core-9.9.0.tgz",
      "integrity": "sha512-JdDb7TrE0imZnwBhMF4+0PCJqGD3AxzH8S2sfk54P0rqvklK+EAtAR/mPb1HwV/JPujQFQJhghQ190Yq03YpVw==",
      "requires": {
        "@types/web-bluetooth": "^0.0.16",
        "@vueuse/metadata": "9.9.0",
        "@vueuse/shared": "9.9.0",
        "vue-demi": "*"
      }
    },
    "@vueuse/metadata": {
      "version": "9.9.0",
      "resolved": "https://registry.npmjs.org/@vueuse/metadata/-/metadata-9.9.0.tgz",
      "integrity": "sha512-pgxsUJv/d7IjKpLeB6TthggEsaBwM3ffc5jPrr5TmxAm/fup0mGR5VTzrdA/PSx85tpb+CIvP92D+55qBNc8ag=="
    },
    "@vueuse/shared": {
      "version": "9.9.0",
      "resolved": "https://registry.npmjs.org/@vueuse/shared/-/shared-9.9.0.tgz",
      "integrity": "sha512-+D0XFwHG0T+uaIbCSlROBwm1wzs71B7n3KyDOxnvfEMMHDOzl09rYKwaE2AENmYwYPXfHPbSBRDD2gBVHbvTcg==",
      "requires": {
        "vue-demi": "*"
      }
    },
    "vue": {
      "version": "2.6.14",
      "resolved": "https://registry.npmjs.org/vue/-/vue-2.6.14.tgz",
      "integrity": "sha512-x2284lgYvjOMj3Za7kqzRcUSxBboHqtgRE2zlos1qWaOye5yUmHn42LB1250NJBLRwEcdrB0JRwyPTEPhfQjiQ==",
      "peer": true
    },
    "vue-demi": {
      "version": "0.13.11",
      "resolved": "https://registry.npmjs.org/vue-demi/-/vue-demi-0.13.11.tgz",
      "integrity": "sha512-IR8HoEEGM65YY3ZJYAjMlKygDQn25D5ajNFNoKh9RSDMQtlzCxtfQjdQgv9jjK+m3377SsJXY8ysq8kLCZL25A==",
      "requires": {}
    }
  }
}
