{
  "name": "fivst-cli-anne",
  "version": "1.0.0",
  "lockfileVersion": 3,
  "requires": true,
  "packages": {
    "": {
      "name": "fivst-cli-anne",
      "version": "1.0.0",
      "license": "ISC",
      "dependencies": {
        "fivst-cli-anne": "^1.0.0"
      },
      "bin": {
        "fivst-cli-anne": "bin/index.js"
      }
    },
    "node_modules/fivst-cli-anne": {
      "version": "1.0.0",
      "resolved": "https://registry.npmjs.org/fivst-cli-anne/-/fivst-cli-anne-1.0.0.tgz",
      "integrity": "sha512-y6gksecZq+F4IKDMIJK6nPnkSrpoiEETl0VO2UnlwdbI0ipU8rfDFzjbuLRJKXIWl6YsYlz2IgTcJMMZ9mIqSg==",
      "bin": {
        "fivst-cli-anne": "bin/index.js"
      }
    }
  }
}
